// !$*UTF8*$!
{
	archiveVersion = 1;
	classes = {
	};
	objectVersion = 55;
	objects = {

/* Begin PBXBuildFile section */
		5B16AC6628ADA43C00E83383 /* AppDelegate.swift in Sources */ = {isa = PBXBuildFile; fileRef = 5B16AC6528ADA43C00E83383 /* AppDelegate.swift */; };
		5B16AC6828ADA43C00E83383 /* SceneDelegate.swift in Sources */ = {isa = PBXBuildFile; fileRef = 5B16AC6728ADA43C00E83383 /* SceneDelegate.swift */; };
		5B16AC6A28ADA43C00E83383 /* MainTabBarViewController.swift in Sources */ = {isa = PBXBuildFile; fileRef = 5B16AC6928ADA43C00E83383 /* MainTabBarViewController.swift */; };
		5B16AC6F28ADA43E00E83383 /* Assets.xcassets in Resources */ = {isa = PBXBuildFile; fileRef = 5B16AC6E28ADA43E00E83383 /* Assets.xcassets */; };
		5B16AC7228ADA43E00E83383 /* LaunchScreen.storyboard in Resources */ = {isa = PBXBuildFile; fileRef = 5B16AC7028ADA43E00E83383 /* LaunchScreen.storyboard */; };
		5B16AC7B28ADA77100E83383 /* HomeViewController.swift in Sources */ = {isa = PBXBuildFile; fileRef = 5B16AC7A28ADA77100E83383 /* HomeViewController.swift */; };
		5B16AC7D28ADA7A000E83383 /* UpComingViewController.swift in Sources */ = {isa = PBXBuildFile; fileRef = 5B16AC7C28ADA7A000E83383 /* UpComingViewController.swift */; };
		5B16AC7F28ADA7C200E83383 /* SearchViewController.swift in Sources */ = {isa = PBXBuildFile; fileRef = 5B16AC7E28ADA7C200E83383 /* SearchViewController.swift */; };
		5B16AC8128ADA7D800E83383 /* DownloadsViewController.swift in Sources */ = {isa = PBXBuildFile; fileRef = 5B16AC8028ADA7D800E83383 /* DownloadsViewController.swift */; };
		5B16AC8A28ADAEBB00E83383 /* CollectionViewTableViewCell.swift in Sources */ = {isa = PBXBuildFile; fileRef = 5B16AC8928ADAEBB00E83383 /* CollectionViewTableViewCell.swift */; };
		5B16AC8C28ADB6E300E83383 /* HeroHeaderUiView.swift in Sources */ = {isa = PBXBuildFile; fileRef = 5B16AC8B28ADB6E300E83383 /* HeroHeaderUiView.swift */; };
		5B1EEEA128B15A5B00E65C78 /* DataPersistanceManager.swift in Sources */ = {isa = PBXBuildFile; fileRef = 5B1EEEA028B15A5B00E65C78 /* DataPersistanceManager.swift */; };
		5B781C1728B0524700818148 /* YoutubeSearchResult.swift in Sources */ = {isa = PBXBuildFile; fileRef = 5B781C1628B0524700818148 /* YoutubeSearchResult.swift */; };
		5B781C1928B05E3000818148 /* TitlePreviewViewController.swift in Sources */ = {isa = PBXBuildFile; fileRef = 5B781C1828B05E3000818148 /* TitlePreviewViewController.swift */; };
		5B781C1B28B0634600818148 /* TItlePreviewViewModel.swift in Sources */ = {isa = PBXBuildFile; fileRef = 5B781C1A28B0634600818148 /* TItlePreviewViewModel.swift */; };
		5BB04BE528B1584D0099EBB7 /* NetflixModel.xcdatamodeld in Sources */ = {isa = PBXBuildFile; fileRef = 5BB04BE328B1584D0099EBB7 /* NetflixModel.xcdatamodeld */; };
		5BEF67BF28AE75A2007A286C /* NetworkServices.swift in Sources */ = {isa = PBXBuildFile; fileRef = 5BEF67BE28AE75A2007A286C /* NetworkServices.swift */; };
		5BEF67C128AE7C95007A286C /* Title.swift in Sources */ = {isa = PBXBuildFile; fileRef = 5BEF67C028AE7C95007A286C /* Title.swift */; };
		5BEF67C328AE846F007A286C /* Constance.swift in Sources */ = {isa = PBXBuildFile; fileRef = 5BEF67C228AE846F007A286C /* Constance.swift */; };
		5BEF67C528AE84A7007A286C /* APIError.swift in Sources */ = {isa = PBXBuildFile; fileRef = 5BEF67C428AE84A7007A286C /* APIError.swift */; };
		5BEF67C728AE8548007A286C /* Extentions.swift in Sources */ = {isa = PBXBuildFile; fileRef = 5BEF67C628AE8548007A286C /* Extentions.swift */; };
		5BEF67CB28AE92A1007A286C /* TitleCollectionViewCell.swift in Sources */ = {isa = PBXBuildFile; fileRef = 5BEF67CA28AE92A1007A286C /* TitleCollectionViewCell.swift */; };
		5BEF67CE28AE948E007A286C /* SDWebImage in Frameworks */ = {isa = PBXBuildFile; productRef = 5BEF67CD28AE948E007A286C /* SDWebImage */; };
		5BEF67D028AE948E007A286C /* SDWebImageMapKit in Frameworks */ = {isa = PBXBuildFile; productRef = 5BEF67CF28AE948E007A286C /* SDWebImageMapKit */; };
		5BEF67D228AE97D8007A286C /* HomeSection.swift in Sources */ = {isa = PBXBuildFile; fileRef = 5BEF67D128AE97D8007A286C /* HomeSection.swift */; };
		5BEF67D428AEE2B6007A286C /* TitleTableViewCell.swift in Sources */ = {isa = PBXBuildFile; fileRef = 5BEF67D328AEE2B6007A286C /* TitleTableViewCell.swift */; };
		5BEF67D628AEE77E007A286C /* TitleViewModel.swift in Sources */ = {isa = PBXBuildFile; fileRef = 5BEF67D528AEE77E007A286C /* TitleViewModel.swift */; };
		5BEF67D828AEF8DF007A286C /* SearchResultsViewController.swift in Sources */ = {isa = PBXBuildFile; fileRef = 5BEF67D728AEF8DF007A286C /* SearchResultsViewController.swift */; };
/* End PBXBuildFile section */

/* Begin PBXFileReference section */
		5B16AC6228ADA43C00E83383 /* Netflix.app */ = {isa = PBXFileReference; explicitFileType = wrapper.application; includeInIndex = 0; path = Netflix.app; sourceTree = BUILT_PRODUCTS_DIR; };
		5B16AC6528ADA43C00E83383 /* AppDelegate.swift */ = {isa = PBXFileReference; lastKnownFileType = sourcecode.swift; path = AppDelegate.swift; sourceTree = "<group>"; };
		5B16AC6728ADA43C00E83383 /* SceneDelegate.swift */ = {isa = PBXFileReference; lastKnownFileType = sourcecode.swift; path = SceneDelegate.swift; sourceTree = "<group>"; };
		5B16AC6928ADA43C00E83383 /* MainTabBarViewController.swift */ = {isa = PBXFileReference; lastKnownFileType = sourcecode.swift; path = MainTabBarViewController.swift; sourceTree = "<group>"; };
		5B16AC6E28ADA43E00E83383 /* Assets.xcassets */ = {isa = PBXFileReference; lastKnownFileType = folder.assetcatalog; path = Assets.xcassets; sourceTree = "<group>"; };
		5B16AC7128ADA43E00E83383 /* Base */ = {isa = PBXFileReference; lastKnownFileType = file.storyboard; name = Base; path = Base.lproj/LaunchScreen.storyboard; sourceTree = "<group>"; };
		5B16AC7328ADA43E00E83383 /* Info.plist */ = {isa = PBXFileReference; lastKnownFileType = text.plist.xml; path = Info.plist; sourceTree = "<group>"; };
		5B16AC7A28ADA77100E83383 /* HomeViewController.swift */ = {isa = PBXFileReference; lastKnownFileType = sourcecode.swift; path = HomeViewController.swift; sourceTree = "<group>"; };
		5B16AC7C28ADA7A000E83383 /* UpComingViewController.swift */ = {isa = PBXFileReference; lastKnownFileType = sourcecode.swift; path = UpComingViewController.swift; sourceTree = "<group>"; };
		5B16AC7E28ADA7C200E83383 /* SearchViewController.swift */ = {isa = PBXFileReference; lastKnownFileType = sourcecode.swift; path = SearchViewController.swift; sourceTree = "<group>"; };
		5B16AC8028ADA7D800E83383 /* DownloadsViewController.swift */ = {isa = PBXFileReference; lastKnownFileType = sourcecode.swift; path = DownloadsViewController.swift; sourceTree = "<group>"; };
		5B16AC8928ADAEBB00E83383 /* CollectionViewTableViewCell.swift */ = {isa = PBXFileReference; lastKnownFileType = sourcecode.swift; path = CollectionViewTableViewCell.swift; sourceTree = "<group>"; };
		5B16AC8B28ADB6E300E83383 /* HeroHeaderUiView.swift */ = {isa = PBXFileReference; lastKnownFileType = sourcecode.swift; path = HeroHeaderUiView.swift; sourceTree = "<group>"; };
		5B1EEEA028B15A5B00E65C78 /* DataPersistanceManager.swift */ = {isa = PBXFileReference; lastKnownFileType = sourcecode.swift; path = DataPersistanceManager.swift; sourceTree = "<group>"; };
		5B781C1628B0524700818148 /* YoutubeSearchResult.swift */ = {isa = PBXFileReference; lastKnownFileType = sourcecode.swift; path = YoutubeSearchResult.swift; sourceTree = "<group>"; };
		5B781C1828B05E3000818148 /* TitlePreviewViewController.swift */ = {isa = PBXFileReference; lastKnownFileType = sourcecode.swift; path = TitlePreviewViewController.swift; sourceTree = "<group>"; };
		5B781C1A28B0634600818148 /* TItlePreviewViewModel.swift */ = {isa = PBXFileReference; lastKnownFileType = sourcecode.swift; path = TItlePreviewViewModel.swift; sourceTree = "<group>"; };
		5BB04BE428B1584D0099EBB7 /* NetflixModel.xcdatamodel */ = {isa = PBXFileReference; lastKnownFileType = wrapper.xcdatamodel; path = NetflixModel.xcdatamodel; sourceTree = "<group>"; };
		5BEF67BE28AE75A2007A286C /* NetworkServices.swift */ = {isa = PBXFileReference; lastKnownFileType = sourcecode.swift; path = NetworkServices.swift; sourceTree = "<group>"; };
		5BEF67C028AE7C95007A286C /* Title.swift */ = {isa = PBXFileReference; lastKnownFileType = sourcecode.swift; path = Title.swift; sourceTree = "<group>"; };
		5BEF67C228AE846F007A286C /* Constance.swift */ = {isa = PBXFileReference; lastKnownFileType = sourcecode.swift; path = Constance.swift; sourceTree = "<group>"; };
		5BEF67C428AE84A7007A286C /* APIError.swift */ = {isa = PBXFileReference; lastKnownFileType = sourcecode.swift; path = APIError.swift; sourceTree = "<group>"; };
		5BEF67C628AE8548007A286C /* Extentions.swift */ = {isa = PBXFileReference; lastKnownFileType = sourcecode.swift; path = Extentions.swift; sourceTree = "<group>"; };
		5BEF67CA28AE92A1007A286C /* TitleCollectionViewCell.swift */ = {isa = PBXFileReference; lastKnownFileType = sourcecode.swift; name = TitleCollectionViewCell.swift; path = Netflix/Assets.xcassets/TitleCollectionViewCell.swift; sourceTree = SOURCE_ROOT; };
		5BEF67D128AE97D8007A286C /* HomeSection.swift */ = {isa = PBXFileReference; lastKnownFileType = sourcecode.swift; path = HomeSection.swift; sourceTree = "<group>"; };
		5BEF67D328AEE2B6007A286C /* TitleTableViewCell.swift */ = {isa = PBXFileReference; lastKnownFileType = sourcecode.swift; path = TitleTableViewCell.swift; sourceTree = "<group>"; };
		5BEF67D528AEE77E007A286C /* TitleViewModel.swift */ = {isa = PBXFileReference; lastKnownFileType = sourcecode.swift; path = TitleViewModel.swift; sourceTree = "<group>"; };
		5BEF67D728AEF8DF007A286C /* SearchResultsViewController.swift */ = {isa = PBXFileReference; lastKnownFileType = sourcecode.swift; path = SearchResultsViewController.swift; sourceTree = "<group>"; };
/* End PBXFileReference section */

/* Begin PBXFrameworksBuildPhase section */
		5B16AC5F28ADA43C00E83383 /* Frameworks */ = {
			isa = PBXFrameworksBuildPhase;
			buildActionMask = 2147483647;
			files = (
				5BEF67D028AE948E007A286C /* SDWebImageMapKit in Frameworks */,
				5BEF67CE28AE948E007A286C /* SDWebImage in Frameworks */,
			);
			runOnlyForDeploymentPostprocessing = 0;
		};
/* End PBXFrameworksBuildPhase section */

/* Begin PBXGroup section */
		5B16AC5928ADA43C00E83383 = {
			isa = PBXGroup;
			children = (
				5B16AC6428ADA43C00E83383 /* Netflix */,
				5B16AC6328ADA43C00E83383 /* Products */,
			);
			sourceTree = "<group>";
		};
		5B16AC6328ADA43C00E83383 /* Products */ = {
			isa = PBXGroup;
			children = (
				5B16AC6228ADA43C00E83383 /* Netflix.app */,
			);
			name = Products;
			sourceTree = "<group>";
		};
		5B16AC6428ADA43C00E83383 /* Netflix */ = {
			isa = PBXGroup;
			children = (
				5B16AC8828ADAE7F00E83383 /* Managers */,
				5B16AC8728ADAE7800E83383 /* Resources */,
				5B16AC8328ADAE3700E83383 /* Model */,
				5B16AC8528ADAE3F00E83383 /* Views */,
				5B16AC8628ADAE4500E83383 /* ViewModel */,
				5B16AC7928ADA75D00E83383 /* Controller */,
				5B16AC6528ADA43C00E83383 /* AppDelegate.swift */,
				5B16AC6728ADA43C00E83383 /* SceneDelegate.swift */,
				5B16AC6E28ADA43E00E83383 /* Assets.xcassets */,
				5B16AC7028ADA43E00E83383 /* LaunchScreen.storyboard */,
				5B16AC7328ADA43E00E83383 /* Info.plist */,
				5BB04BE328B1584D0099EBB7 /* NetflixModel.xcdatamodeld */,
			);
			path = Netflix;
			sourceTree = "<group>";
		};
		5B16AC7928ADA75D00E83383 /* Controller */ = {
			isa = PBXGroup;
			children = (
				5BEF67DA28AEF992007A286C /* General */,
				5BEF67D928AEF93E007A286C /* Core */,
			);
			path = Controller;
			sourceTree = "<group>";
		};
		5B16AC8328ADAE3700E83383 /* Model */ = {
			isa = PBXGroup;
			children = (
				5BEF67C028AE7C95007A286C /* Title.swift */,
				5B781C1628B0524700818148 /* YoutubeSearchResult.swift */,
			);
			path = Model;
			sourceTree = "<group>";
		};
		5B16AC8528ADAE3F00E83383 /* Views */ = {
			isa = PBXGroup;
			children = (
				5B16AC8928ADAEBB00E83383 /* CollectionViewTableViewCell.swift */,
				5B16AC8B28ADB6E300E83383 /* HeroHeaderUiView.swift */,
				5BEF67CA28AE92A1007A286C /* TitleCollectionViewCell.swift */,
				5BEF67D328AEE2B6007A286C /* TitleTableViewCell.swift */,
			);
			path = Views;
			sourceTree = "<group>";
		};
		5B16AC8628ADAE4500E83383 /* ViewModel */ = {
			isa = PBXGroup;
			children = (
				5BEF67D528AEE77E007A286C /* TitleViewModel.swift */,
				5B781C1A28B0634600818148 /* TItlePreviewViewModel.swift */,
			);
			path = ViewModel;
			sourceTree = "<group>";
		};
		5B16AC8728ADAE7800E83383 /* Resources */ = {
			isa = PBXGroup;
			children = (
				5BEF67C628AE8548007A286C /* Extentions.swift */,
			);
			path = Resources;
			sourceTree = "<group>";
		};
		5B16AC8828ADAE7F00E83383 /* Managers */ = {
			isa = PBXGroup;
			children = (
				5BEF67BE28AE75A2007A286C /* NetworkServices.swift */,
				5BEF67C228AE846F007A286C /* Constance.swift */,
				5BEF67C428AE84A7007A286C /* APIError.swift */,
				5BEF67D128AE97D8007A286C /* HomeSection.swift */,
				5B1EEEA028B15A5B00E65C78 /* DataPersistanceManager.swift */,
			);
			path = Managers;
			sourceTree = "<group>";
		};
		5BEF67D928AEF93E007A286C /* Core */ = {
			isa = PBXGroup;
			children = (
				5B16AC6928ADA43C00E83383 /* MainTabBarViewController.swift */,
				5B16AC7C28ADA7A000E83383 /* UpComingViewController.swift */,
				5B16AC8028ADA7D800E83383 /* DownloadsViewController.swift */,
				5B16AC7A28ADA77100E83383 /* HomeViewController.swift */,
				5B16AC7E28ADA7C200E83383 /* SearchViewController.swift */,
			);
			path = Core;
			sourceTree = "<group>";
		};
		5BEF67DA28AEF992007A286C /* General */ = {
			isa = PBXGroup;
			children = (
				5BEF67D728AEF8DF007A286C /* SearchResultsViewController.swift */,
				5B781C1828B05E3000818148 /* TitlePreviewViewController.swift */,
			);
			path = General;
			sourceTree = "<group>";
		};
/* End PBXGroup section */

/* Begin PBXNativeTarget section */
		5B16AC6128ADA43C00E83383 /* Netflix */ = {
			isa = PBXNativeTarget;
			buildConfigurationList = 5B16AC7628ADA43E00E83383 /* Build configuration list for PBXNativeTarget "Netflix" */;
			buildPhases = (
				5B16AC5E28ADA43C00E83383 /* Sources */,
				5B16AC5F28ADA43C00E83383 /* Frameworks */,
				5B16AC6028ADA43C00E83383 /* Resources */,
			);
			buildRules = (
			);
			dependencies = (
			);
			name = Netflix;
			packageProductDependencies = (
				5BEF67CD28AE948E007A286C /* SDWebImage */,
				5BEF67CF28AE948E007A286C /* SDWebImageMapKit */,
			);
			productName = Netflix;
			productReference = 5B16AC6228ADA43C00E83383 /* Netflix.app */;
			productType = "com.apple.product-type.application";
		};
/* End PBXNativeTarget section */

/* Begin PBXProject section */
		5B16AC5A28ADA43C00E83383 /* Project object */ = {
			isa = PBXProject;
			attributes = {
				BuildIndependentTargetsInParallel = 1;
				LastSwiftUpdateCheck = 1340;
				LastUpgradeCheck = 1340;
				TargetAttributes = {
					5B16AC6128ADA43C00E83383 = {
						CreatedOnToolsVersion = 13.4.1;
					};
				};
			};
			buildConfigurationList = 5B16AC5D28ADA43C00E83383 /* Build configuration list for PBXProject "Netflix" */;
			compatibilityVersion = "Xcode 13.0";
			developmentRegion = en;
			hasScannedForEncodings = 0;
			knownRegions = (
				en,
				Base,
			);
			mainGroup = 5B16AC5928ADA43C00E83383;
			packageReferences = (
				5BEF67CC28AE948E007A286C /* XCRemoteSwiftPackageReference "SDWebImage" */,
			);
			productRefGroup = 5B16AC6328ADA43C00E83383 /* Products */;
			projectDirPath = "";
			projectRoot = "";
			targets = (
				5B16AC6128ADA43C00E83383 /* Netflix */,
			);
		};
/* End PBXProject section */

/* Begin PBXResourcesBuildPhase section */
		5B16AC6028ADA43C00E83383 /* Resources */ = {
			isa = PBXResourcesBuildPhase;
			buildActionMask = 2147483647;
			files = (
				5B16AC7228ADA43E00E83383 /* LaunchScreen.storyboard in Resources */,
				5B16AC6F28ADA43E00E83383 /* Assets.xcassets in Resources */,
			);
			runOnlyForDeploymentPostprocessing = 0;
		};
/* End PBXResourcesBuildPhase section */

/* Begin PBXSourcesBuildPhase section */
		5B16AC5E28ADA43C00E83383 /* Sources */ = {
			isa = PBXSourcesBuildPhase;
			buildActionMask = 2147483647;
			files = (
				5B781C1B28B0634600818148 /* TItlePreviewViewModel.swift in Sources */,
				5BEF67BF28AE75A2007A286C /* NetworkServices.swift in Sources */,
				5BEF67C128AE7C95007A286C /* Title.swift in Sources */,
				5B781C1928B05E3000818148 /* TitlePreviewViewController.swift in Sources */,
				5B16AC7F28ADA7C200E83383 /* SearchViewController.swift in Sources */,
				5B16AC6A28ADA43C00E83383 /* MainTabBarViewController.swift in Sources */,
				5B16AC8A28ADAEBB00E83383 /* CollectionViewTableViewCell.swift in Sources */,
				5BEF67D428AEE2B6007A286C /* TitleTableViewCell.swift in Sources */,
				5B781C1728B0524700818148 /* YoutubeSearchResult.swift in Sources */,
				5B16AC8128ADA7D800E83383 /* DownloadsViewController.swift in Sources */,
				5BEF67C728AE8548007A286C /* Extentions.swift in Sources */,
				5B16AC6628ADA43C00E83383 /* AppDelegate.swift in Sources */,
				5B16AC8C28ADB6E300E83383 /* HeroHeaderUiView.swift in Sources */,
				5BEF67C328AE846F007A286C /* Constance.swift in Sources */,
				5BEF67D228AE97D8007A286C /* HomeSection.swift in Sources */,
				5BEF67D828AEF8DF007A286C /* SearchResultsViewController.swift in Sources */,
				5BB04BE528B1584D0099EBB7 /* NetflixModel.xcdatamodeld in Sources */,
				5B16AC7D28ADA7A000E83383 /* UpComingViewController.swift in Sources */,
				5B16AC6828ADA43C00E83383 /* SceneDelegate.swift in Sources */,
				5BEF67CB28AE92A1007A286C /* TitleCollectionViewCell.swift in Sources */,
				5B16AC7B28ADA77100E83383 /* HomeViewController.swift in Sources */,
				5B1EEEA128B15A5B00E65C78 /* DataPersistanceManager.swift in Sources */,
				5BEF67C528AE84A7007A286C /* APIError.swift in Sources */,
				5BEF67D628AEE77E007A286C /* TitleViewModel.swift in Sources */,
			);
			runOnlyForDeploymentPostprocessing = 0;
		};
/* End PBXSourcesBuildPhase section */

/* Begin PBXVariantGroup section */
		5B16AC7028ADA43E00E83383 /* LaunchScreen.storyboard */ = {
			isa = PBXVariantGroup;
			children = (
				5B16AC7128ADA43E00E83383 /* Base */,
			);
			name = LaunchScreen.storyboard;
			sourceTree = "<group>";
		};
/* End PBXVariantGroup section */

/* Begin XCBuildConfiguration section */
		5B16AC7428ADA43E00E83383 /* Debug */ = {
			isa = XCBuildConfiguration;
			buildSettings = {
				ALWAYS_SEARCH_USER_PATHS = NO;
				CLANG_ANALYZER_NONNULL = YES;
				CLANG_ANALYZER_NUMBER_OBJECT_CONVERSION = YES_AGGRESSIVE;
				CLANG_CXX_LANGUAGE_STANDARD = "gnu++17";
				CLANG_ENABLE_MODULES = YES;
				CLANG_ENABLE_OBJC_ARC = YES;
				CLANG_ENABLE_OBJC_WEAK = YES;
				CLANG_WARN_BLOCK_CAPTURE_AUTORELEASING = YES;
				CLANG_WARN_BOOL_CONVERSION = YES;
				CLANG_WARN_COMMA = YES;
				CLANG_WARN_CONSTANT_CONVERSION = YES;
				CLANG_WARN_DEPRECATED_OBJC_IMPLEMENTATIONS = YES;
				CLANG_WARN_DIRECT_OBJC_ISA_USAGE = YES_ERROR;
				CLANG_WARN_DOCUMENTATION_COMMENTS = YES;
				CLANG_WARN_EMPTY_BODY = YES;
				CLANG_WARN_ENUM_CONVERSION = YES;
				CLANG_WARN_INFINITE_RECURSION = YES;
				CLANG_WARN_INT_CONVERSION = YES;
				CLANG_WARN_NON_LITERAL_NULL_CONVERSION = YES;
				CLANG_WARN_OBJC_IMPLICIT_RETAIN_SELF = YES;
				CLANG_WARN_OBJC_LITERAL_CONVERSION = YES;
				CLANG_WARN_OBJC_ROOT_CLASS = YES_ERROR;
				CLANG_WARN_QUOTED_INCLUDE_IN_FRAMEWORK_HEADER = YES;
				CLANG_WARN_RANGE_LOOP_ANALYSIS = YES;
				CLANG_WARN_STRICT_PROTOTYPES = YES;
				CLANG_WARN_SUSPICIOUS_MOVE = YES;
				CLANG_WARN_UNGUARDED_AVAILABILITY = YES_AGGRESSIVE;
				CLANG_WARN_UNREACHABLE_CODE = YES;
				CLANG_WARN__DUPLICATE_METHOD_MATCH = YES;
				COPY_PHASE_STRIP = NO;
				DEBUG_INFORMATION_FORMAT = dwarf;
				ENABLE_STRICT_OBJC_MSGSEND = YES;
				ENABLE_TESTABILITY = YES;
				GCC_C_LANGUAGE_STANDARD = gnu11;
				GCC_DYNAMIC_NO_PIC = NO;
				GCC_NO_COMMON_BLOCKS = YES;
				GCC_OPTIMIZATION_LEVEL = 0;
				GCC_PREPROCESSOR_DEFINITIONS = (
					"DEBUG=1",
					"$(inherited)",
				);
				GCC_WARN_64_TO_32_BIT_CONVERSION = YES;
				GCC_WARN_ABOUT_RETURN_TYPE = YES_ERROR;
				GCC_WARN_UNDECLARED_SELECTOR = YES;
				GCC_WARN_UNINITIALIZED_AUTOS = YES_AGGRESSIVE;
				GCC_WARN_UNUSED_FUNCTION = YES;
				GCC_WARN_UNUSED_VARIABLE = YES;
				IPHONEOS_DEPLOYMENT_TARGET = 15.5;
				MTL_ENABLE_DEBUG_INFO = INCLUDE_SOURCE;
				MTL_FAST_MATH = YES;
				ONLY_ACTIVE_ARCH = YES;
				SDKROOT = iphoneos;
				SWIFT_ACTIVE_COMPILATION_CONDITIONS = DEBUG;
				SWIFT_OPTIMIZATION_LEVEL = "-Onone";
			};
			name = Debug;
		};
		5B16AC7528ADA43E00E83383 /* Release */ = {
			isa = XCBuildConfiguration;
			buildSettings = {
				ALWAYS_SEARCH_USER_PATHS = NO;
				CLANG_ANALYZER_NONNULL = YES;
				CLANG_ANALYZER_NUMBER_OBJECT_CONVERSION = YES_AGGRESSIVE;
				CLANG_CXX_LANGUAGE_STANDARD = "gnu++17";
				CLANG_ENABLE_MODULES = YES;
				CLANG_ENABLE_OBJC_ARC = YES;
				CLANG_ENABLE_OBJC_WEAK = YES;
				CLANG_WARN_BLOCK_CAPTURE_AUTORELEASING = YES;
				CLANG_WARN_BOOL_CONVERSION = YES;
				CLANG_WARN_COMMA = YES;
				CLANG_WARN_CONSTANT_CONVERSION = YES;
				CLANG_WARN_DEPRECATED_OBJC_IMPLEMENTATIONS = YES;
				CLANG_WARN_DIRECT_OBJC_ISA_USAGE = YES_ERROR;
				CLANG_WARN_DOCUMENTATION_COMMENTS = YES;
				CLANG_WARN_EMPTY_BODY = YES;
				CLANG_WARN_ENUM_CONVERSION = YES;
				CLANG_WARN_INFINITE_RECURSION = YES;
				CLANG_WARN_INT_CONVERSION = YES;
				CLANG_WARN_NON_LITERAL_NULL_CONVERSION = YES;
				CLANG_WARN_OBJC_IMPLICIT_RETAIN_SELF = YES;
				CLANG_WARN_OBJC_LITERAL_CONVERSION = YES;
				CLANG_WARN_OBJC_ROOT_CLASS = YES_ERROR;
				CLANG_WARN_QUOTED_INCLUDE_IN_FRAMEWORK_HEADER = YES;
				CLANG_WARN_RANGE_LOOP_ANALYSIS = YES;
				CLANG_WARN_STRICT_PROTOTYPES = YES;
				CLANG_WARN_SUSPICIOUS_MOVE = YES;
				CLANG_WARN_UNGUARDED_AVAILABILITY = YES_AGGRESSIVE;
				CLANG_WARN_UNREACHABLE_CODE = YES;
				CLANG_WARN__DUPLICATE_METHOD_MATCH = YES;
				COPY_PHASE_STRIP = NO;
				DEBUG_INFORMATION_FORMAT = "dwarf-with-dsym";
				ENABLE_NS_ASSERTIONS = NO;
				ENABLE_STRICT_OBJC_MSGSEND = YES;
				GCC_C_LANGUAGE_STANDARD = gnu11;
				GCC_NO_COMMON_BLOCKS = YES;
				GCC_WARN_64_TO_32_BIT_CONVERSION = YES;
				GCC_WARN_ABOUT_RETURN_TYPE = YES_ERROR;
				GCC_WARN_UNDECLARED_SELECTOR = YES;
				GCC_WARN_UNINITIALIZED_AUTOS = YES_AGGRESSIVE;
				GCC_WARN_UNUSED_FUNCTION = YES;
				GCC_WARN_UNUSED_VARIABLE = YES;
				IPHONEOS_DEPLOYMENT_TARGET = 15.5;
				MTL_ENABLE_DEBUG_INFO = NO;
				MTL_FAST_MATH = YES;
				SDKROOT = iphoneos;
				SWIFT_COMPILATION_MODE = wholemodule;
				SWIFT_OPTIMIZATION_LEVEL = "-O";
				VALIDATE_PRODUCT = YES;
			};
			name = Release;
		};
		5B16AC7728ADA43E00E83383 /* Debug */ = {
			isa = XCBuildConfiguration;
			buildSettings = {
				ASSETCATALOG_COMPILER_APPICON_NAME = AppIcon;
				ASSETCATALOG_COMPILER_GLOBAL_ACCENT_COLOR_NAME = AccentColor;
				CODE_SIGN_STYLE = Automatic;
				CURRENT_PROJECT_VERSION = 1;
				DEVELOPMENT_TEAM = QC3UAHVPF7;
				GENERATE_INFOPLIST_FILE = YES;
				INFOPLIST_FILE = Netflix/Info.plist;
				INFOPLIST_KEY_UIApplicationSupportsIndirectInputEvents = YES;
				INFOPLIST_KEY_UILaunchStoryboardName = LaunchScreen;
				INFOPLIST_KEY_UISupportedInterfaceOrientations_iPad = "UIInterfaceOrientationPortrait UIInterfaceOrientationPortraitUpsideDown UIInterfaceOrientationLandscapeLeft UIInterfaceOrientationLandscapeRight";
				INFOPLIST_KEY_UISupportedInterfaceOrientations_iPhone = "UIInterfaceOrientationPortrait UIInterfaceOrientationLandscapeLeft UIInterfaceOrientationLandscapeRight";
				LD_RUNPATH_SEARCH_PATHS = (
					"$(inherited)",
					"@executable_path/Frameworks",
				);
				MARKETING_VERSION = 1.0;
				PRODUCT_BUNDLE_IDENTIFIER = Zardasht.Netflix;
				PRODUCT_NAME = "$(TARGET_NAME)";
				SWIFT_EMIT_LOC_STRINGS = YES;
				SWIFT_VERSION = 5.0;
				TARGETED_DEVICE_FAMILY = "1,2";
			};
			name = Debug;
		};
		5B16AC7828ADA43E00E83383 /* Release */ = {
			isa = XCBuildConfiguration;
			buildSettings = {
				ASSETCATALOG_COMPILER_APPICON_NAME = AppIcon;
				ASSETCATALOG_COMPILER_GLOBAL_ACCENT_COLOR_NAME = AccentColor;
				CODE_SIGN_STYLE = Automatic;
				CURRENT_PROJECT_VERSION = 1;
				DEVELOPMENT_TEAM = QC3UAHVPF7;
				GENERATE_INFOPLIST_FILE = YES;
				INFOPLIST_FILE = Netflix/Info.plist;
				INFOPLIST_KEY_UIApplicationSupportsIndirectInputEvents = YES;
				INFOPLIST_KEY_UILaunchStoryboardName = LaunchScreen;
				INFOPLIST_KEY_UISupportedInterfaceOrientations_iPad = "UIInterfaceOrientationPortrait UIInterfaceOrientationPortraitUpsideDown UIInterfaceOrientationLandscapeLeft UIInterfaceOrientationLandscapeRight";
				INFOPLIST_KEY_UISupportedInterfaceOrientations_iPhone = "UIInterfaceOrientationPortrait UIInterfaceOrientationLandscapeLeft UIInterfaceOrientationLandscapeRight";
				LD_RUNPATH_SEARCH_PATHS = (
					"$(inherited)",
					"@executable_path/Frameworks",
				);
				MARKETING_VERSION = 1.0;
				PRODUCT_BUNDLE_IDENTIFIER = Zardasht.Netflix;
				PRODUCT_NAME = "$(TARGET_NAME)";
				SWIFT_EMIT_LOC_STRINGS = YES;
				SWIFT_VERSION = 5.0;
				TARGETED_DEVICE_FAMILY = "1,2";
			};
			name = Release;
		};
/* End XCBuildConfiguration section */

/* Begin XCConfigurationList section */
		5B16AC5D28ADA43C00E83383 /* Build configuration list for PBXProject "Netflix" */ = {
			isa = XCConfigurationList;
			buildConfigurations = (
				5B16AC7428ADA43E00E83383 /* Debug */,
				5B16AC7528ADA43E00E83383 /* Release */,
			);
			defaultConfigurationIsVisible = 0;
			defaultConfigurationName = Release;
		};
		5B16AC7628ADA43E00E83383 /* Build configuration list for PBXNativeTarget "Netflix" */ = {
			isa = XCConfigurationList;
			buildConfigurations = (
				5B16AC7728ADA43E00E83383 /* Debug */,
				5B16AC7828ADA43E00E83383 /* Release */,
			);
			defaultConfigurationIsVisible = 0;
			defaultConfigurationName = Release;
		};
/* End XCConfigurationList section */

/* Begin XCRemoteSwiftPackageReference section */
		5BEF67CC28AE948E007A286C /* XCRemoteSwiftPackageReference "SDWebImage" */ = {
			isa = XCRemoteSwiftPackageReference;
			repositoryURL = "https://github.com/SDWebImage/SDWebImage.git";
			requirement = {
				kind = upToNextMajorVersion;
				minimumVersion = 5.0.0;
			};
		};
/* End XCRemoteSwiftPackageReference section */

/* Begin XCSwiftPackageProductDependency section */
		5BEF67CD28AE948E007A286C /* SDWebImage */ = {
			isa = XCSwiftPackageProductDependency;
			package = 5BEF67CC28AE948E007A286C /* XCRemoteSwiftPackageReference "SDWebImage" */;
			productName = SDWebImage;
		};
		5BEF67CF28AE948E007A286C /* SDWebImageMapKit */ = {
			isa = XCSwiftPackageProductDependency;
			package = 5BEF67CC28AE948E007A286C /* XCRemoteSwiftPackageReference "SDWebImage" */;
			productName = SDWebImageMapKit;
		};
/* End XCSwiftPackageProductDependency section */

/* Begin XCVersionGroup section */
		5BB04BE328B1584D0099EBB7 /* NetflixModel.xcdatamodeld */ = {
			isa = XCVersionGroup;
			children = (
				5BB04BE428B1584D0099EBB7 /* NetflixModel.xcdatamodel */,
			);
			currentVersion = 5BB04BE428B1584D0099EBB7 /* NetflixModel.xcdatamodel */;
			path = NetflixModel.xcdatamodeld;
			sourceTree = "<group>";
			versionGroupType = wrapper.xcdatamodel;
		};
/* End XCVersionGroup section */
	};
	rootObject = 5B16AC5A28ADA43C00E83383 /* Project object */;
}
